{
    "_readme": [
        "This file locks the dependencies of your project to a known state",
        "Read more about it at https://getcomposer.org/doc/01-basic-usage.md#installing-dependencies",
        "This file is @generated automatically"
    ],
    "content-hash": "0717309785529687b135c71b0d1fc11e",
    "packages": [
        {
            "name": "brick/math",
            "version": "0.14.8",
            "source": {
                "type": "git",
                "url": "https://github.com/brick/math.git",
                "reference": "63422359a44b7f06cae63c3b429b59e8efcc0629"
            },
            "dist": {
                "type": "zip",
                "url": "https://api.github.com/repos/brick/math/zipball/63422359a44b7f06cae63c3b429b59e8efcc0629",
                "reference": "63422359a44b7f06cae63c3b429b59e8efcc0629",
                "shasum": ""
            },
            "require": {
                "php": "^8.2"
            },
            "require-dev": {
                "php-coveralls/php-coveralls": "^2.2",
                "phpstan/phpstan": "2.1.22",
                "phpunit/phpunit": "^11.5"
            },
            "type": "library",
            "autoload": {
                "psr-4": {
                    "Brick\\Math\\": "src/"
                }
            },
            "notification-url": "https://packagist.org/downloads/",
            "license": [
                "MIT"
            ],
            "description": "Arbitrary-precision arithmetic library",
            "keywords": [
                "Arbitrary-precision",
                "BigInteger",
                "BigRational",
                "arithmetic",
                "bigdecimal",
                "bignum",
                "bignumber",
                "brick",
                "decimal",
                "integer",
                "math",
                "mathematics",
                "rational"
            ],
            "support": {
                "issues": "https://github.com/brick/math/issues",
                "source": "https://github.com/brick/math/tree/0.14.8"
            },
            "funding": [
                {
                    "url": "https://github.com/BenMorel",
                    "type": "github"
                }
            ],
            "time": "2026-02-10T14:33:43+00:00"
        },
        {
            "name": "endyjasmi/cuid",
            "version": "dev-master",
            "source": {
                "type": "git",
                "url": "https://github.com/endyjasmi/cuid.git",
                "reference": "84436f107c35c0a316ee562c615abc0e7702e742"
            },
            "dist": {
                "type": "zip",
                "url": "https://api.github.com/repos/endyjasmi/cuid/zipball/84436f107c35c0a316ee562c615abc0e7702e742",
                "reference": "84436f107c35c0a316ee562c615abc0e7702e742",
                "shasum": ""
            },
            "require": {
                "php": ">= 5.4"
            },
            "require-dev": {
                "phpunit/phpunit": "4.*",
                "satooshi/php-coveralls": "0.*",
                "squizlabs/php_codesniffer": "1.*"
            },
            "default-branch": true,
            "type": "library",
            "autoload": {
                "psr-4": {
                    "EndyJasmi\\": "src/"
                }
            },
            "notification-url": "https://packagist.org/downloads/",
            "license": [
                "MIT"
            ],
            "authors": [
                {
                    "name": "Endy Jasmi",
                    "email": "endyjasmi@gmail.com",
                    "role": "Developer"
                }
            ],
            "description": "Cuid php port",
            "keywords": [
                "UID",
                "cuid",
                "guid",
                "id",
                "uuid"
            ],
            "support": {
                "email": "endyjasmi@gmail.com",
                "issues": "https://github.com/endyjasmi/cuid/issues",
                "source": "https://github.com/endyjasmi/cuid"
            },
            "abandoned": true,
            "time": "2023-02-09T03:08:32+00:00"
        },
        {
            "name": "gettext/translator",
            "version": "v1.2.1",
            "source": {
                "type": "git",
                "url": "https://github.com/php-gettext/Translator.git",
                "reference": "8ae0ac79053bcb732a6c584cd86f7a82ef183161"
            },
            "dist": {
                "type": "zip",
                "url": "https://api.github.com/repos/php-gettext/Translator/zipball/8ae0ac79053bcb732a6c584cd86f7a82ef183161",
                "reference": "8ae0ac79053bcb732a6c584cd86f7a82ef183161",
                "shasum": ""
            },
            "require": {
                "php": "^7.2|^8.0"
            },
            "require-dev": {
                "friendsofphp/php-cs-fixer": "^2.15",
                "gettext/gettext": "^5.0.0",
                "oscarotero/php-cs-fixer-config": "^1.0",
                "phpunit/phpunit": "^8.0",
                "squizlabs/php_codesniffer": "^3.0"
            },
            "suggest": {
                "gettext/gettext": "Is necessary to load and generate array files used by the translator"
            },
            "type": "library",
            "autoload": {
                "psr-4": {
                    "Gettext\\": "src"
                }
            },
            "notification-url": "https://packagist.org/downloads/",
            "license": [
                "MIT"
            ],
            "authors": [
                {
                    "name": "Oscar Otero",
                    "email": "oom@oscarotero.com",
                    "homepage": "http://oscarotero.com",
                    "role": "Developer"
                }
            ],
            "description": "Gettext translator functions",
            "homepage": "https://github.com/php-gettext/Translator",
            "keywords": [
                "gettext",
                "i18n",
                "php",
                "translator"
            ],
            "support": {
                "email": "oom@oscarotero.com",
                "issues": "https://github.com/php-gettext/Translator/issues",
                "source": "https://github.com/php-gettext/Translator/tree/v1.2.1"
            },
            "funding": [
                {
                    "url": "https://paypal.me/oscarotero",
                    "type": "custom"
                },
                {
                    "url": "https://github.com/oscarotero",
                    "type": "github"
                },
                {
                    "url": "https://www.patreon.com/misteroom",
                    "type": "patreon"
                }
            ],
            "time": "2025-01-09T09:20:22+00:00"
        },
        {
            "name": "psr/cache",
            "version": "3.0.0",
            "source": {
                "type": "git",
                "url": "https://github.com/php-fig/cache.git",
                "reference": "aa5030cfa5405eccfdcb1083ce040c2cb8d253bf"
            },
            "dist": {
                "type": "zip",
                "url": "https://api.github.com/repos/php-fig/cache/zipball/aa5030cfa5405eccfdcb1083ce040c2cb8d253bf",
                "reference": "aa5030cfa5405eccfdcb1083ce040c2cb8d253bf",
                "shasum": ""
            },
            "require": {
                "php": ">=8.0.0"
            },
            "type": "library",
            "extra": {
                "branch-alias": {
                    "dev-master": "1.0.x-dev"
                }
            },
            "autoload": {
                "psr-4": {
                    "Psr\\Cache\\": "src/"
                }
            },
            "notification-url": "https://packagist.org/downloads/",
            "license": [
                "MIT"
            ],
            "authors": [
                {
                    "name": "PHP-FIG",
                    "homepage": "https://www.php-fig.org/"
                }
            ],
            "description": "Common interface for caching libraries",
            "keywords": [
                "cache",
                "psr",
                "psr-6"
            ],
            "support": {
                "source": "https://github.com/php-fig/cache/tree/3.0.0"
            },
            "time": "2021-02-03T23:26:27+00:00"
        },
        {
            "name": "ralouphie/getallheaders",
            "version": "2.0.5",
            "source": {
                "type": "git",
                "url": "https://github.com/ralouphie/getallheaders.git",
                "reference": "5601c8a83fbba7ef674a7369456d12f1e0d0eafa"
            },
            "dist": {
                "type": "zip",
                "url": "https://api.github.com/repos/ralouphie/getallheaders/zipball/5601c8a83fbba7ef674a7369456d12f1e0d0eafa",
                "reference": "5601c8a83fbba7ef674a7369456d12f1e0d0eafa",
                "shasum": ""
            },
            "require": {
                "php": ">=5.3"
            },
            "require-dev": {
                "phpunit/phpunit": "~3.7.0",
                "satooshi/php-coveralls": ">=1.0"
            },
            "type": "library",
            "autoload": {
                "files": [
                    "src/getallheaders.php"
                ]
            },
            "notification-url": "https://packagist.org/downloads/",
            "license": [
                "MIT"
            ],
            "authors": [
                {
                    "name": "Ralph Khattar",
                    "email": "ralph.khattar@gmail.com"
                }
            ],
            "description": "A polyfill for getallheaders.",
            "support": {
                "issues": "https://github.com/ralouphie/getallheaders/issues",
                "source": "https://github.com/ralouphie/getallheaders/tree/2.0.5"
            },
            "time": "2016-02-11T07:05:27+00:00"
        },
        {
            "name": "ramsey/collection",
            "version": "2.1.1",
            "source": {
                "type": "git",
                "url": "https://github.com/ramsey/collection.git",
                "reference": "344572933ad0181accbf4ba763e85a0306a8c5e2"
            },
            "dist": {
                "type": "zip",
                "url": "https://api.github.com/repos/ramsey/collection/zipball/344572933ad0181accbf4ba763e85a0306a8c5e2",
                "reference": "344572933ad0181accbf4ba763e85a0306a8c5e2",
                "shasum": ""
            },
            "require": {
                "php": "^8.1"
            },
            "require-dev": {
                "captainhook/plugin-composer": "^5.3",
                "ergebnis/composer-normalize": "^2.45",
                "fakerphp/faker": "^1.24",
                "hamcrest/hamcrest-php": "^2.0",
                "jangregor/phpstan-prophecy": "^2.1",
                "mockery/mockery": "^1.6",
                "php-parallel-lint/php-console-highlighter": "^1.0",
                "php-parallel-lint/php-parallel-lint": "^1.4",
                "phpspec/prophecy-phpunit": "^2.3",
                "phpstan/extension-installer": "^1.4",
                "phpstan/phpstan": "^2.1",
                "phpstan/phpstan-mockery": "^2.0",
                "phpstan/phpstan-phpunit": "^2.0",
                "phpunit/phpunit": "^10.5",
                "ramsey/coding-standard": "^2.3",
                "ramsey/conventional-commits": "^1.6",
                "roave/security-advisories": "dev-latest"
            },
            "type": "library",
            "extra": {
                "captainhook": {
                    "force-install": true
                },
                "ramsey/conventional-commits": {
                    "configFile": "conventional-commits.json"
                }
            },
            "autoload": {
                "psr-4": {
                    "Ramsey\\Collection\\": "src/"
                }
            },
            "notification-url": "https://packagist.org/downloads/",
            "license": [
                "MIT"
            ],
            "authors": [
                {
                    "name": "Ben Ramsey",
                    "email": "ben@benramsey.com",
                    "homepage": "https://benramsey.com"
                }
            ],
            "description": "A PHP library for representing and manipulating collections.",
            "keywords": [
                "array",
                "collection",
                "hash",
                "map",
                "queue",
                "set"
            ],
            "support": {
                "issues": "https://github.com/ramsey/collection/issues",
                "source": "https://github.com/ramsey/collection/tree/2.1.1"
            },
            "time": "2025-03-22T05:38:12+00:00"
        },
        {
            "name": "ramsey/uuid",
            "version": "4.9.2",
            "source": {
                "type": "git",
                "url": "https://github.com/ramsey/uuid.git",
                "reference": "8429c78ca35a09f27565311b98101e2826affde0"
            },
            "dist": {
                "type": "zip",
                "url": "https://api.github.com/repos/ramsey/uuid/zipball/8429c78ca35a09f27565311b98101e2826affde0",
                "reference": "8429c78ca35a09f27565311b98101e2826affde0",
                "shasum": ""
            },
            "require": {
                "brick/math": "^0.8.16 || ^0.9 || ^0.10 || ^0.11 || ^0.12 || ^0.13 || ^0.14",
                "php": "^8.0",
                "ramsey/collection": "^1.2 || ^2.0"
            },
            "replace": {
                "rhumsaa/uuid": "self.version"
            },
            "require-dev": {
                "captainhook/captainhook": "^5.25",
                "captainhook/plugin-composer": "^5.3",
                "dealerdirect/phpcodesniffer-composer-installer": "^1.0",
                "ergebnis/composer-normalize": "^2.47",
                "mockery/mockery": "^1.6",
                "paragonie/random-lib": "^2",
                "php-mock/php-mock": "^2.6",
                "php-mock/php-mock-mockery": "^1.5",
                "php-parallel-lint/php-parallel-lint": "^1.4.0",
                "phpbench/phpbench": "^1.2.14",
                "phpstan/extension-installer": "^1.4",
                "phpstan/phpstan": "^2.1",
                "phpstan/phpstan-mockery": "^2.0",
                "phpstan/phpstan-phpunit": "^2.0",
                "phpunit/phpunit": "^9.6",
                "slevomat/coding-standard": "^8.18",
                "squizlabs/php_codesniffer": "^3.13"
            },
            "suggest": {
                "ext-bcmath": "Enables faster math with arbitrary-precision integers using BCMath.",
                "ext-gmp": "Enables faster math with arbitrary-precision integers using GMP.",
                "ext-uuid": "Enables the use of PeclUuidTimeGenerator and PeclUuidRandomGenerator.",
                "paragonie/random-lib": "Provides RandomLib for use with the RandomLibAdapter",
                "ramsey/uuid-doctrine": "Allows the use of Ramsey\\Uuid\\Uuid as Doctrine field type."
            },
            "type": "library",
            "extra": {
                "captainhook": {
                    "force-install": true
                }
            },
            "autoload": {
                "files": [
                    "src/functions.php"
                ],
                "psr-4": {
                    "Ramsey\\Uuid\\": "src/"
                }
            },
            "notification-url": "https://packagist.org/downloads/",
            "license": [
                "MIT"
            ],
            "description": "A PHP library for generating and working with universally unique identifiers (UUIDs).",
            "keywords": [
                "guid",
                "identifier",
                "uuid"
            ],
            "support": {
                "issues": "https://github.com/ramsey/uuid/issues",
                "source": "https://github.com/ramsey/uuid/tree/4.9.2"
            },
            "time": "2025-12-14T04:43:48+00:00"
        },
        {
            "name": "smarty/smarty",
            "version": "v5.8.0",
            "source": {
                "type": "git",
                "url": "https://github.com/smarty-php/smarty.git",
                "reference": "78d259d3b971c59a0cd719c270cc5cbb740c36a7"
            },
            "dist": {
                "type": "zip",
                "url": "https://api.github.com/repos/smarty-php/smarty/zipball/78d259d3b971c59a0cd719c270cc5cbb740c36a7",
                "reference": "78d259d3b971c59a0cd719c270cc5cbb740c36a7",
                "shasum": ""
            },
            "require": {
                "php": "^7.2 || ^8.0",
                "symfony/polyfill-mbstring": "^1.27"
            },
            "require-dev": {
                "phpunit/phpunit": "^8.5 || ^7.5",
                "smarty/smarty-lexer": "^4.0.2"
            },
            "type": "library",
            "extra": {
                "branch-alias": {
                    "dev-master": "5.0.x-dev"
                }
            },
            "autoload": {
                "files": [
                    "src/functions.php"
                ],
                "psr-4": {
                    "Smarty\\": "src/"
                }
            },
            "notification-url": "https://packagist.org/downloads/",
            "license": [
                "LGPL-3.0"
            ],
            "authors": [
                {
                    "name": "Monte Ohrt",
                    "email": "monte@ohrt.com"
                },
                {
                    "name": "Uwe Tews",
                    "email": "uwe.tews@googlemail.com"
                },
                {
                    "name": "Rodney Rehm",
                    "email": "rodney.rehm@medialize.de"
                },
                {
                    "name": "Simon Wisselink",
                    "homepage": "https://www.iwink.nl/"
                }
            ],
            "description": "Smarty - the compiling PHP template engine",
            "homepage": "https://smarty-php.github.io/smarty/",
            "keywords": [
                "templating"
            ],
            "support": {
                "forum": "https://github.com/smarty-php/smarty/discussions",
                "issues": "https://github.com/smarty-php/smarty/issues",
                "source": "https://github.com/smarty-php/smarty/tree/v5.8.0"
            },
            "funding": [
                {
                    "url": "https://github.com/wisskid",
                    "type": "github"
                }
            ],
            "time": "2026-02-15T14:27:15+00:00"
        },
        {
            "name": "symfony/polyfill-mbstring",
            "version": "v1.33.0",
            "source": {
                "type": "git",
                "url": "https://github.com/symfony/polyfill-mbstring.git",
                "reference": "6d857f4d76bd4b343eac26d6b539585d2bc56493"
            },
            "dist": {
                "type": "zip",
                "url": "https://api.github.com/repos/symfony/polyfill-mbstring/zipball/6d857f4d76bd4b343eac26d6b539585d2bc56493",
                "reference": "6d857f4d76bd4b343eac26d6b539585d2bc56493",
                "shasum": ""
            },
            "require": {
                "ext-iconv": "*",
                "php": ">=7.2"
            },
            "provide": {
                "ext-mbstring": "*"
            },
            "suggest": {
                "ext-mbstring": "For best performance"
            },
            "type": "library",
            "extra": {
                "thanks": {
                    "url": "https://github.com/symfony/polyfill",
                    "name": "symfony/polyfill"
                }
            },
            "autoload": {
                "files": [
                    "bootstrap.php"
                ],
                "psr-4": {
                    "Symfony\\Polyfill\\Mbstring\\": ""
                }
            },
            "notification-url": "https://packagist.org/downloads/",
            "license": [
                "MIT"
            ],
            "authors": [
                {
                    "name": "Nicolas Grekas",
                    "email": "p@tchwork.com"
                },
                {
                    "name": "Symfony Community",
                    "homepage": "https://symfony.com/contributors"
                }
            ],
            "description": "Symfony polyfill for the Mbstring extension",
            "homepage": "https://symfony.com",
            "keywords": [
                "compatibility",
                "mbstring",
                "polyfill",
                "portable",
                "shim"
            ],
            "support": {
                "source": "https://github.com/symfony/polyfill-mbstring/tree/v1.33.0"
            },
            "funding": [
                {
                    "url": "https://symfony.com/sponsor",
                    "type": "custom"
                },
                {
                    "url": "https://github.com/fabpot",
                    "type": "github"
                },
                {
                    "url": "https://github.com/nicolas-grekas",
                    "type": "github"
                },
                {
                    "url": "https://tidelift.com/funding/github/packagist/symfony/symfony",
                    "type": "tidelift"
                }
            ],
            "time": "2024-12-23T08:48:59+00:00"
        },
        {
            "name": "whichbrowser/parser",
            "version": "dev-master",
            "source": {
                "type": "git",
                "url": "https://github.com/WhichBrowser/Parser-PHP.git",
                "reference": "581d614d686bfbec3529ad60562a5213ac5d8d72"
            },
            "dist": {
                "type": "zip",
                "url": "https://api.github.com/repos/WhichBrowser/Parser-PHP/zipball/581d614d686bfbec3529ad60562a5213ac5d8d72",
                "reference": "581d614d686bfbec3529ad60562a5213ac5d8d72",
                "shasum": ""
            },
            "require": {
                "php": ">=5.4.0",
                "psr/cache": "^1.0 || ^2.0 || ^3.0"
            },
            "require-dev": {
                "cache/array-adapter": "^1.1",
                "icomefromthenet/reverse-regex": "0.0.6.3",
                "php-coveralls/php-coveralls": "^2.0",
                "phpunit/php-code-coverage": "^5.0 || ^7.0",
                "phpunit/phpunit": "^6.0 || ^8.0",
                "squizlabs/php_codesniffer": "^3.5",
                "symfony/yaml": "~3.4 || ~4.0"
            },
            "suggest": {
                "cache/array-adapter": "Allows testing of the caching functionality"
            },
            "default-branch": true,
            "type": "library",
            "autoload": {
                "psr-4": {
                    "WhichBrowser\\": [
                        "src/"
                    ]
                }
            },
            "notification-url": "https://packagist.org/downloads/",
            "license": [
                "MIT"
            ],
            "authors": [
                {
                    "name": "Niels Leenheer",
                    "email": "niels@leenheer.nl",
                    "role": "Developer"
                }
            ],
            "description": "Useragent sniffing library for PHP",
            "homepage": "http://whichbrowser.net",
            "keywords": [
                "browser",
                "sniffing",
                "ua",
                "useragent"
            ],
            "support": {
                "issues": "https://github.com/WhichBrowser/Parser-PHP/issues",
                "source": "https://github.com/WhichBrowser/Parser-PHP/tree/v2.1.8"
            },
            "time": "2024-04-17T12:47:41+00:00"
        }
    ],
    "packages-dev": [],
    "aliases": [],
    "minimum-stability": "dev",
    "stability-flags": {
        "endyjasmi/cuid": 20,
        "whichbrowser/parser": 20
    },
    "prefer-stable": true,
    "prefer-lowest": false,
    "platform": {
        "php": "^8.2"
    },
    "platform-dev": [],
    "plugin-api-version": "2.6.0"
}
